{
  "name": "phase-4-deploying-app-demo",
  "lockfileVersion": 2,
  "requires": true,
  "packages": {
    "": {
      "name": "phase-4-deploying-app-demo",
      "dependencies": {
        "piexifjs": "^1.0.4"
      },
      "engines": {
        "node": "16.x"
      }
    },
    "node_modules/piexifjs": {
      "version": "1.0.4",
      "resolved": "https://registry.npmjs.org/piexifjs/-/piexifjs-1.0.4.tgz",
      "integrity": "sha512-va6FOuTVWC2bbiC4WiKus8scuAWoqgM4XwnmtttKe3YkwakyqTvsYMyctkTZv9Ra/uK7EdjTlyIA2U8rSDuwOw=="
    }
  },
  "dependencies": {
    "piexifjs": {
      "version": "1.0.4",
      "resolved": "https://registry.npmjs.org/piexifjs/-/piexifjs-1.0.4.tgz",
      "integrity": "sha512-va6FOuTVWC2bbiC4WiKus8scuAWoqgM4XwnmtttKe3YkwakyqTvsYMyctkTZv9Ra/uK7EdjTlyIA2U8rSDuwOw=="
    }
  }
}
